
Microsoft Visual Studio Solution File, Format Version 12.00
# Visual Studio Version 17
VisualStudioVersion = 17.1.32228.430
MinimumVisualStudioVersion = 10.0.40219.1
Project("{FAE04EC0-301F-11D3-BF4B-00C04F79EFBC}") = "JMOD4_1302204065", "JMOD4_1302204065\JMOD4_1302204065.csproj", "{2BE9FCCA-A31C-4082-94F4-554BFB5F320A}"
EndProject
Global
	GlobalSection(SolutionConfigurationPlatforms) = preSolution
		Debug|Any CPU = Debug|Any CPU
		Release|Any CPU = Release|Any CPU
	EndGlobalSection
	GlobalSection(ProjectConfigurationPlatforms) = postSolution
		{2BE9FCCA-A31C-4082-94F4-554BFB5F320A}.Debug|Any CPU.ActiveCfg = Debug|Any CPU
		{2BE9FCCA-A31C-4082-94F4-554BFB5F320A}.Debug|Any CPU.Build.0 = Debug|Any CPU
		{2BE9FCCA-A31C-4082-94F4-554BFB5F320A}.Release|Any CPU.ActiveCfg = Release|Any CPU
		{2BE9FCCA-A31C-4082-94F4-554BFB5F320A}.Release|Any CPU.Build.0 = Release|Any CPU
	EndGlobalSection
	GlobalSection(SolutionProperties) = preSolution
		HideSolutionNode = FALSE
	EndGlobalSection
	GlobalSection(ExtensibilityGlobals) = postSolution
		SolutionGuid = {A4C14944-1A66-4839-BB9D-D0018A820CFC}
	EndGlobalSection
EndGlobal
